{
  "name": "05_jokegenerator",
  "version": "1.0.0",
  "lockfileVersion": 3,
  "requires": true,
  "packages": {
    "": {
      "name": "05_jokegenerator",
      "version": "1.0.0",
      "dependencies": {
        "dotenv": "^17.4.2",
        "env-var": "^7.5.0",
        "fs": "^0.0.1-security",
        "one-liner-joke": "^1.2.2"
      }
    },
    "node_modules/dotenv": {
      "version": "17.4.2",
      "resolved": "https://registry.npmjs.org/dotenv/-/dotenv-17.4.2.tgz",
      "integrity": "sha512-nI4U3TottKAcAD9LLud4Cb7b2QztQMUEfHbvhTH09bqXTxnSie8WnjPALV/WMCrJZ6UV/qHJ6L03OqO3LcdYZw==",
      "license": "BSD-2-Clause",
      "engines": {
        "node": ">=12"
      },
      "funding": {
        "url": "https://dotenvx.com"
      }
    },
    "node_modules/env-var": {
      "version": "7.5.0",
      "resolved": "https://registry.npmjs.org/env-var/-/env-var-7.5.0.tgz",
      "integrity": "sha512-mKZOzLRN0ETzau2W2QXefbFjo5EF4yWq28OyKb9ICdeNhHJlOE/pHHnz4hdYJ9cNZXcJHo5xN4OT4pzuSHSNvA==",
      "license": "MIT",
      "engines": {
        "node": ">=10"
      }
    },
    "node_modules/fs": {
      "version": "0.0.1-security",
      "resolved": "https://registry.npmjs.org/fs/-/fs-0.0.1-security.tgz",
      "integrity": "sha512-3XY9e1pP0CVEUCdj5BmfIZxRBTSDycnbqhIOGec9QYtmVH2fbLpj86CFWkrNOkt/Fvty4KZG5lTglL9j/gJ87w==",
      "license": "ISC"
    },
    "node_modules/one-liner-joke": {
      "version": "1.2.2",
      "resolved": "https://registry.npmjs.org/one-liner-joke/-/one-liner-joke-1.2.2.tgz",
      "integrity": "sha512-ELNnmMtLPmp3b85J0FGm7i4Q5vfqPNefj6r5oMsk9OgrC3iaccIyn8FInVSsG3nGud4XIDqUKesLcGRCxoU2Zw==",
      "license": "MIT",
      "engines": {
        "node": ">=6.0.0"
      }
    }
  }
}
